
Microsoft Visual Studio Solution File, Format Version 12.00
# Visual Studio Version 16
VisualStudioVersion = 16.0.30114.105
MinimumVisualStudioVersion = 10.0.40219.1
Project("{FAE04EC0-301F-11D3-BF4B-00C04F79EFBC}") = "Trader.DAL", "Trader.DAL\Trader.DAL.csproj", "{3864A56D-9982-4E63-A0B8-03AEE0EACD64}"
EndProject
Project("{FAE04EC0-301F-11D3-BF4B-00C04F79EFBC}") = "Trader.WPF", "Trader.WPF\Trader.WPF.csproj", "{ED781E95-950F-41C4-B975-2ED481B4B346}"
EndProject
Project("{FAE04EC0-301F-11D3-BF4B-00C04F79EFBC}") = "Trader.Repository", "Trader.Repository\Trader.Repository.csproj", "{C9B171EC-BB4A-4A0F-ABA3-D65B169445D3}"
EndProject
Project("{FAE04EC0-301F-11D3-BF4B-00C04F79EFBC}") = "Trader.BLL", "Trader.BLL\Trader.BLL.csproj", "{D8D1A5F1-A66B-408B-A2B7-5676D018D91A}"
EndProject
Project("{FAE04EC0-301F-11D3-BF4B-00C04F79EFBC}") = "WPF.Common", "WPF.Common\WPF.Common\WPF.Common.csproj", "{F8250045-B106-4790-A807-31BBBB0FAE3E}"
EndProject
Project("{FAE04EC0-301F-11D3-BF4B-00C04F79EFBC}") = "Trader.Helpers", "Trader.Helpers\Trader.Helpers.csproj", "{D32EAAF1-C5D7-4987-B266-276257714E56}"
EndProject
Global
	GlobalSection(SolutionConfigurationPlatforms) = preSolution
		Debug|Any CPU = Debug|Any CPU
		Release|Any CPU = Release|Any CPU
	EndGlobalSection
	GlobalSection(ProjectConfigurationPlatforms) = postSolution
		{3864A56D-9982-4E63-A0B8-03AEE0EACD64}.Debug|Any CPU.ActiveCfg = Debug|Any CPU
		{3864A56D-9982-4E63-A0B8-03AEE0EACD64}.Debug|Any CPU.Build.0 = Debug|Any CPU
		{3864A56D-9982-4E63-A0B8-03AEE0EACD64}.Release|Any CPU.ActiveCfg = Release|Any CPU
		{3864A56D-9982-4E63-A0B8-03AEE0EACD64}.Release|Any CPU.Build.0 = Release|Any CPU
		{ED781E95-950F-41C4-B975-2ED481B4B346}.Debug|Any CPU.ActiveCfg = Debug|Any CPU
		{ED781E95-950F-41C4-B975-2ED481B4B346}.Debug|Any CPU.Build.0 = Debug|Any CPU
		{ED781E95-950F-41C4-B975-2ED481B4B346}.Release|Any CPU.ActiveCfg = Release|Any CPU
		{ED781E95-950F-41C4-B975-2ED481B4B346}.Release|Any CPU.Build.0 = Release|Any CPU
		{C9B171EC-BB4A-4A0F-ABA3-D65B169445D3}.Debug|Any CPU.ActiveCfg = Debug|Any CPU
		{C9B171EC-BB4A-4A0F-ABA3-D65B169445D3}.Debug|Any CPU.Build.0 = Debug|Any CPU
		{C9B171EC-BB4A-4A0F-ABA3-D65B169445D3}.Release|Any CPU.ActiveCfg = Release|Any CPU
		{C9B171EC-BB4A-4A0F-ABA3-D65B169445D3}.Release|Any CPU.Build.0 = Release|Any CPU
		{D8D1A5F1-A66B-408B-A2B7-5676D018D91A}.Debug|Any CPU.ActiveCfg = Debug|Any CPU
		{D8D1A5F1-A66B-408B-A2B7-5676D018D91A}.Debug|Any CPU.Build.0 = Debug|Any CPU
		{D8D1A5F1-A66B-408B-A2B7-5676D018D91A}.Release|Any CPU.ActiveCfg = Release|Any CPU
		{D8D1A5F1-A66B-408B-A2B7-5676D018D91A}.Release|Any CPU.Build.0 = Release|Any CPU
		{F8250045-B106-4790-A807-31BBBB0FAE3E}.Debug|Any CPU.ActiveCfg = Debug|Any CPU
		{F8250045-B106-4790-A807-31BBBB0FAE3E}.Debug|Any CPU.Build.0 = Debug|Any CPU
		{F8250045-B106-4790-A807-31BBBB0FAE3E}.Release|Any CPU.ActiveCfg = Release|Any CPU
		{F8250045-B106-4790-A807-31BBBB0FAE3E}.Release|Any CPU.Build.0 = Release|Any CPU
		{D32EAAF1-C5D7-4987-B266-276257714E56}.Debug|Any CPU.ActiveCfg = Debug|Any CPU
		{D32EAAF1-C5D7-4987-B266-276257714E56}.Debug|Any CPU.Build.0 = Debug|Any CPU
		{D32EAAF1-C5D7-4987-B266-276257714E56}.Release|Any CPU.ActiveCfg = Release|Any CPU
		{D32EAAF1-C5D7-4987-B266-276257714E56}.Release|Any CPU.Build.0 = Release|Any CPU
	EndGlobalSection
	GlobalSection(SolutionProperties) = preSolution
		HideSolutionNode = FALSE
	EndGlobalSection
	GlobalSection(ExtensibilityGlobals) = postSolution
		SolutionGuid = {AC076765-D3C9-4AD4-AE9F-993CA08C60BC}
	EndGlobalSection
EndGlobal
